// !$*UTF8*$!
{
	archiveVersion = 1;
	classes = {
	};
	objectVersion = 56;
	objects = {

/* Begin PBXBuildFile section */
		EB6B16BD2BF88C4900E9F3EB /* pthread-exmp1.cpp in Sources */ = {isa = PBXBuildFile; fileRef = EB6B16B52BF88C4800E9F3EB /* pthread-exmp1.cpp */; };
		EB6B16BE2BF88C4900E9F3EB /* Makefile in Sources */ = {isa = PBXBuildFile; fileRef = EB6B16B62BF88C4800E9F3EB /* Makefile */; };
		EB6B16BF2BF88C4900E9F3EB /* imageproc 2.cpp in Sources */ = {isa = PBXBuildFile; fileRef = EB6B16B82BF88C4900E9F3EB /* imageproc 2.cpp */; };
		EB6B16C02BF88C4900E9F3EB /* imageproc.cpp in Sources */ = {isa = PBXBuildFile; fileRef = EB6B16B92BF88C4900E9F3EB /* imageproc.cpp */; };
		EB6B16C12BF88C4900E9F3EB /* cv-exmp-2.cpp in Sources */ = {isa = PBXBuildFile; fileRef = EB6B16BA2BF88C4900E9F3EB /* cv-exmp-2.cpp */; };
		EB6B16C22BF88C4900E9F3EB /* pthread-exmp2.cpp in Sources */ = {isa = PBXBuildFile; fileRef = EB6B16BB2BF88C4900E9F3EB /* pthread-exmp2.cpp */; };
		EB6B16C32BF88C4900E9F3EB /* cv-exmp-1.cpp in Sources */ = {isa = PBXBuildFile; fileRef = EB6B16BC2BF88C4900E9F3EB /* cv-exmp-1.cpp */; };
/* End PBXBuildFile section */

/* Begin PBXCopyFilesBuildPhase section */
		EB6B16A92BF88C2D00E9F3EB /* CopyFiles */ = {
			isa = PBXCopyFilesBuildPhase;
			buildActionMask = 2147483647;
			dstPath = /usr/share/man/man1/;
			dstSubfolderSpec = 0;
			files = (
			);
			runOnlyForDeploymentPostprocessing = 1;
		};
/* End PBXCopyFilesBuildPhase section */

/* Begin PBXFileReference section */
		EB6B16AB2BF88C2D00E9F3EB /* OS_CA3 */ = {isa = PBXFileReference; explicitFileType = "compiled.mach-o.executable"; includeInIndex = 0; path = OS_CA3; sourceTree = BUILT_PRODUCTS_DIR; };
		EB6B16B52BF88C4800E9F3EB /* pthread-exmp1.cpp */ = {isa = PBXFileReference; fileEncoding = 4; lastKnownFileType = sourcecode.cpp.cpp; name = "pthread-exmp1.cpp"; path = "../../pthread-exmp1.cpp"; sourceTree = "<group>"; };
		EB6B16B62BF88C4800E9F3EB /* Makefile */ = {isa = PBXFileReference; fileEncoding = 4; lastKnownFileType = sourcecode.make; name = Makefile; path = ../../Makefile; sourceTree = "<group>"; };
		EB6B16B72BF88C4800E9F3EB /* image.bmp */ = {isa = PBXFileReference; lastKnownFileType = image.bmp; name = image.bmp; path = ../../image.bmp; sourceTree = "<group>"; };
		EB6B16B82BF88C4900E9F3EB /* imageproc 2.cpp */ = {isa = PBXFileReference; fileEncoding = 4; lastKnownFileType = sourcecode.cpp.cpp; name = "imageproc 2.cpp"; path = "../../imageproc 2.cpp"; sourceTree = "<group>"; };
		EB6B16B92BF88C4900E9F3EB /* imageproc.cpp */ = {isa = PBXFileReference; fileEncoding = 4; lastKnownFileType = sourcecode.cpp.cpp; name = imageproc.cpp; path = ../../imageproc.cpp; sourceTree = "<group>"; };
		EB6B16BA2BF88C4900E9F3EB /* cv-exmp-2.cpp */ = {isa = PBXFileReference; fileEncoding = 4; lastKnownFileType = sourcecode.cpp.cpp; name = "cv-exmp-2.cpp"; path = "../../cv-exmp-2.cpp"; sourceTree = "<group>"; };
		EB6B16BB2BF88C4900E9F3EB /* pthread-exmp2.cpp */ = {isa = PBXFileReference; fileEncoding = 4; lastKnownFileType = sourcecode.cpp.cpp; name = "pthread-exmp2.cpp"; path = "../../pthread-exmp2.cpp"; sourceTree = "<group>"; };
		EB6B16BC2BF88C4900E9F3EB /* cv-exmp-1.cpp */ = {isa = PBXFileReference; fileEncoding = 4; lastKnownFileType = sourcecode.cpp.cpp; name = "cv-exmp-1.cpp"; path = "../../cv-exmp-1.cpp"; sourceTree = "<group>"; };
/* End PBXFileReference section */

/* Begin PBXFrameworksBuildPhase section */
		EB6B16A82BF88C2D00E9F3EB /* Frameworks */ = {
			isa = PBXFrameworksBuildPhase;
			buildActionMask = 2147483647;
			files = (
			);
			runOnlyForDeploymentPostprocessing = 0;
		};
/* End PBXFrameworksBuildPhase section */

/* Begin PBXGroup section */
		EB6B16A22BF88C2D00E9F3EB = {
			isa = PBXGroup;
			children = (
				EB6B16AD2BF88C2D00E9F3EB /* OS_CA3 */,
				EB6B16AC2BF88C2D00E9F3EB /* Products */,
			);
			sourceTree = "<group>";
		};
		EB6B16AC2BF88C2D00E9F3EB /* Products */ = {
			isa = PBXGroup;
			children = (
				EB6B16AB2BF88C2D00E9F3EB /* OS_CA3 */,
			);
			name = Products;
			sourceTree = "<group>";
		};
		EB6B16AD2BF88C2D00E9F3EB /* OS_CA3 */ = {
			isa = PBXGroup;
			children = (
				EB6B16BC2BF88C4900E9F3EB /* cv-exmp-1.cpp */,
				EB6B16BA2BF88C4900E9F3EB /* cv-exmp-2.cpp */,
				EB6B16B72BF88C4800E9F3EB /* image.bmp */,
				EB6B16B82BF88C4900E9F3EB /* imageproc 2.cpp */,
				EB6B16B92BF88C4900E9F3EB /* imageproc.cpp */,
				EB6B16B62BF88C4800E9F3EB /* Makefile */,
				EB6B16B52BF88C4800E9F3EB /* pthread-exmp1.cpp */,
				EB6B16BB2BF88C4900E9F3EB /* pthread-exmp2.cpp */,
			);
			path = OS_CA3;
			sourceTree = "<group>";
		};
/* End PBXGroup section */

/* Begin PBXNativeTarget section */
		EB6B16AA2BF88C2D00E9F3EB /* OS_CA3 */ = {
			isa = PBXNativeTarget;
			buildConfigurationList = EB6B16B22BF88C2D00E9F3EB /* Build configuration list for PBXNativeTarget "OS_CA3" */;
			buildPhases = (
				EB6B16A72BF88C2D00E9F3EB /* Sources */,
				EB6B16A82BF88C2D00E9F3EB /* Frameworks */,
				EB6B16A92BF88C2D00E9F3EB /* CopyFiles */,
			);
			buildRules = (
			);
			dependencies = (
			);
			name = OS_CA3;
			productName = OS_CA3;
			productReference = EB6B16AB2BF88C2D00E9F3EB /* OS_CA3 */;
			productType = "com.apple.product-type.tool";
		};
/* End PBXNativeTarget section */

/* Begin PBXProject section */
		EB6B16A32BF88C2D00E9F3EB /* Project object */ = {
			isa = PBXProject;
			attributes = {
				BuildIndependentTargetsInParallel = 1;
				LastUpgradeCheck = 1500;
				TargetAttributes = {
					EB6B16AA2BF88C2D00E9F3EB = {
						CreatedOnToolsVersion = 15.0.1;
					};
				};
			};
			buildConfigurationList = EB6B16A62BF88C2D00E9F3EB /* Build configuration list for PBXProject "OS_CA3" */;
			compatibilityVersion = "Xcode 14.0";
			developmentRegion = en;
			hasScannedForEncodings = 0;
			knownRegions = (
				en,
				Base,
			);
			mainGroup = EB6B16A22BF88C2D00E9F3EB;
			productRefGroup = EB6B16AC2BF88C2D00E9F3EB /* Products */;
			projectDirPath = "";
			projectRoot = "";
			targets = (
				EB6B16AA2BF88C2D00E9F3EB /* OS_CA3 */,
			);
		};
/* End PBXProject section */

/* Begin PBXSourcesBuildPhase section */
		EB6B16A72BF88C2D00E9F3EB /* Sources */ = {
			isa = PBXSourcesBuildPhase;
			buildActionMask = 2147483647;
			files = (
				EB6B16BE2BF88C4900E9F3EB /* Makefile in Sources */,
				EB6B16C12BF88C4900E9F3EB /* cv-exmp-2.cpp in Sources */,
				EB6B16C22BF88C4900E9F3EB /* pthread-exmp2.cpp in Sources */,
				EB6B16C02BF88C4900E9F3EB /* imageproc.cpp in Sources */,
				EB6B16C32BF88C4900E9F3EB /* cv-exmp-1.cpp in Sources */,
				EB6B16BF2BF88C4900E9F3EB /* imageproc 2.cpp in Sources */,
				EB6B16BD2BF88C4900E9F3EB /* pthread-exmp1.cpp in Sources */,
			);
			runOnlyForDeploymentPostprocessing = 0;
		};
/* End PBXSourcesBuildPhase section */

/* Begin XCBuildConfiguration section */
		EB6B16B02BF88C2D00E9F3EB /* Debug */ = {
			isa = XCBuildConfiguration;
			buildSettings = {
				ALWAYS_SEARCH_USER_PATHS = NO;
				ASSETCATALOG_COMPILER_GENERATE_SWIFT_ASSET_SYMBOL_EXTENSIONS = YES;
				CLANG_ANALYZER_NONNULL = YES;
				CLANG_ANALYZER_NUMBER_OBJECT_CONVERSION = YES_AGGRESSIVE;
				CLANG_CXX_LANGUAGE_STANDARD = "gnu++20";
				CLANG_ENABLE_MODULES = YES;
				CLANG_ENABLE_OBJC_ARC = YES;
				CLANG_ENABLE_OBJC_WEAK = YES;
				CLANG_WARN_BLOCK_CAPTURE_AUTORELEASING = YES;
				CLANG_WARN_BOOL_CONVERSION = YES;
				CLANG_WARN_COMMA = YES;
				CLANG_WARN_CONSTANT_CONVERSION = YES;
				CLANG_WARN_DEPRECATED_OBJC_IMPLEMENTATIONS = YES;
				CLANG_WARN_DIRECT_OBJC_ISA_USAGE = YES_ERROR;
				CLANG_WARN_DOCUMENTATION_COMMENTS = YES;
				CLANG_WARN_EMPTY_BODY = YES;
				CLANG_WARN_ENUM_CONVERSION = YES;
				CLANG_WARN_INFINITE_RECURSION = YES;
				CLANG_WARN_INT_CONVERSION = YES;
				CLANG_WARN_NON_LITERAL_NULL_CONVERSION = YES;
				CLANG_WARN_OBJC_IMPLICIT_RETAIN_SELF = YES;
				CLANG_WARN_OBJC_LITERAL_CONVERSION = YES;
				CLANG_WARN_OBJC_ROOT_CLASS = YES_ERROR;
				CLANG_WARN_QUOTED_INCLUDE_IN_FRAMEWORK_HEADER = YES;
				CLANG_WARN_RANGE_LOOP_ANALYSIS = YES;
				CLANG_WARN_STRICT_PROTOTYPES = YES;
				CLANG_WARN_SUSPICIOUS_MOVE = YES;
				CLANG_WARN_UNGUARDED_AVAILABILITY = YES_AGGRESSIVE;
				CLANG_WARN_UNREACHABLE_CODE = YES;
				CLANG_WARN__DUPLICATE_METHOD_MATCH = YES;
				COPY_PHASE_STRIP = NO;
				DEBUG_INFORMATION_FORMAT = dwarf;
				ENABLE_STRICT_OBJC_MSGSEND = YES;
				ENABLE_TESTABILITY = YES;
				ENABLE_USER_SCRIPT_SANDBOXING = YES;
				GCC_C_LANGUAGE_STANDARD = gnu17;
				GCC_DYNAMIC_NO_PIC = NO;
				GCC_NO_COMMON_BLOCKS = YES;
				GCC_OPTIMIZATION_LEVEL = 0;
				GCC_PREPROCESSOR_DEFINITIONS = (
					"DEBUG=1",
					"$(inherited)",
				);
				GCC_WARN_64_TO_32_BIT_CONVERSION = YES;
				GCC_WARN_ABOUT_RETURN_TYPE = YES_ERROR;
				GCC_WARN_UNDECLARED_SELECTOR = YES;
				GCC_WARN_UNINITIALIZED_AUTOS = YES_AGGRESSIVE;
				GCC_WARN_UNUSED_FUNCTION = YES;
				GCC_WARN_UNUSED_VARIABLE = YES;
				LOCALIZATION_PREFERS_STRING_CATALOGS = YES;
				MACOSX_DEPLOYMENT_TARGET = 14.0;
				MTL_ENABLE_DEBUG_INFO = INCLUDE_SOURCE;
				MTL_FAST_MATH = YES;
				ONLY_ACTIVE_ARCH = YES;
				SDKROOT = macosx;
			};
			name = Debug;
		};
		EB6B16B12BF88C2D00E9F3EB /* Release */ = {
			isa = XCBuildConfiguration;
			buildSettings = {
				ALWAYS_SEARCH_USER_PATHS = NO;
				ASSETCATALOG_COMPILER_GENERATE_SWIFT_ASSET_SYMBOL_EXTENSIONS = YES;
				CLANG_ANALYZER_NONNULL = YES;
				CLANG_ANALYZER_NUMBER_OBJECT_CONVERSION = YES_AGGRESSIVE;
				CLANG_CXX_LANGUAGE_STANDARD = "gnu++20";
				CLANG_ENABLE_MODULES = YES;
				CLANG_ENABLE_OBJC_ARC = YES;
				CLANG_ENABLE_OBJC_WEAK = YES;
				CLANG_WARN_BLOCK_CAPTURE_AUTORELEASING = YES;
				CLANG_WARN_BOOL_CONVERSION = YES;
				CLANG_WARN_COMMA = YES;
				CLANG_WARN_CONSTANT_CONVERSION = YES;
				CLANG_WARN_DEPRECATED_OBJC_IMPLEMENTATIONS = YES;
				CLANG_WARN_DIRECT_OBJC_ISA_USAGE = YES_ERROR;
				CLANG_WARN_DOCUMENTATION_COMMENTS = YES;
				CLANG_WARN_EMPTY_BODY = YES;
				CLANG_WARN_ENUM_CONVERSION = YES;
				CLANG_WARN_INFINITE_RECURSION = YES;
				CLANG_WARN_INT_CONVERSION = YES;
				CLANG_WARN_NON_LITERAL_NULL_CONVERSION = YES;
				CLANG_WARN_OBJC_IMPLICIT_RETAIN_SELF = YES;
				CLANG_WARN_OBJC_LITERAL_CONVERSION = YES;
				CLANG_WARN_OBJC_ROOT_CLASS = YES_ERROR;
				CLANG_WARN_QUOTED_INCLUDE_IN_FRAMEWORK_HEADER = YES;
				CLANG_WARN_RANGE_LOOP_ANALYSIS = YES;
				CLANG_WARN_STRICT_PROTOTYPES = YES;
				CLANG_WARN_SUSPICIOUS_MOVE = YES;
				CLANG_WARN_UNGUARDED_AVAILABILITY = YES_AGGRESSIVE;
				CLANG_WARN_UNREACHABLE_CODE = YES;
				CLANG_WARN__DUPLICATE_METHOD_MATCH = YES;
				COPY_PHASE_STRIP = NO;
				DEBUG_INFORMATION_FORMAT = "dwarf-with-dsym";
				ENABLE_NS_ASSERTIONS = NO;
				ENABLE_STRICT_OBJC_MSGSEND = YES;
				ENABLE_USER_SCRIPT_SANDBOXING = YES;
				GCC_C_LANGUAGE_STANDARD = gnu17;
				GCC_NO_COMMON_BLOCKS = YES;
				GCC_WARN_64_TO_32_BIT_CONVERSION = YES;
				GCC_WARN_ABOUT_RETURN_TYPE = YES_ERROR;
				GCC_WARN_UNDECLARED_SELECTOR = YES;
				GCC_WARN_UNINITIALIZED_AUTOS = YES_AGGRESSIVE;
				GCC_WARN_UNUSED_FUNCTION = YES;
				GCC_WARN_UNUSED_VARIABLE = YES;
				LOCALIZATION_PREFERS_STRING_CATALOGS = YES;
				MACOSX_DEPLOYMENT_TARGET = 14.0;
				MTL_ENABLE_DEBUG_INFO = NO;
				MTL_FAST_MATH = YES;
				SDKROOT = macosx;
			};
			name = Release;
		};
		EB6B16B32BF88C2D00E9F3EB /* Debug */ = {
			isa = XCBuildConfiguration;
			buildSettings = {
				CODE_SIGN_STYLE = Automatic;
				PRODUCT_NAME = "$(TARGET_NAME)";
			};
			name = Debug;
		};
		EB6B16B42BF88C2D00E9F3EB /* Release */ = {
			isa = XCBuildConfiguration;
			buildSettings = {
				CODE_SIGN_STYLE = Automatic;
				PRODUCT_NAME = "$(TARGET_NAME)";
			};
			name = Release;
		};
/* End XCBuildConfiguration section */

/* Begin XCConfigurationList section */
		EB6B16A62BF88C2D00E9F3EB /* Build configuration list for PBXProject "OS_CA3" */ = {
			isa = XCConfigurationList;
			buildConfigurations = (
				EB6B16B02BF88C2D00E9F3EB /* Debug */,
				EB6B16B12BF88C2D00E9F3EB /* Release */,
			);
			defaultConfigurationIsVisible = 0;
			defaultConfigurationName = Release;
		};
		EB6B16B22BF88C2D00E9F3EB /* Build configuration list for PBXNativeTarget "OS_CA3" */ = {
			isa = XCConfigurationList;
			buildConfigurations = (
				EB6B16B32BF88C2D00E9F3EB /* Debug */,
				EB6B16B42BF88C2D00E9F3EB /* Release */,
			);
			defaultConfigurationIsVisible = 0;
			defaultConfigurationName = Release;
		};
/* End XCConfigurationList section */
	};
	rootObject = EB6B16A32BF88C2D00E9F3EB /* Project object */;
}
